
Microsoft Visual Studio Solution File, Format Version 12.00
# Visual Studio Version 17
VisualStudioVersion = 17.0.32014.148
MinimumVisualStudioVersion = 10.0.40219.1
Project("{9A19103F-16F7-4668-BE54-9A1E7A4F7556}") = "Poliklinika", "Poliklinika\Poliklinika.csproj", "{0EEE684F-D290-48AF-806D-C01C17CAFB92}"
EndProject
Global
	GlobalSection(SolutionConfigurationPlatforms) = preSolution
		Debug|Any CPU = Debug|Any CPU
		Release|Any CPU = Release|Any CPU
	EndGlobalSection
	GlobalSection(ProjectConfigurationPlatforms) = postSolution
		{0EEE684F-D290-48AF-806D-C01C17CAFB92}.Debug|Any CPU.ActiveCfg = Debug|Any CPU
		{0EEE684F-D290-48AF-806D-C01C17CAFB92}.Debug|Any CPU.Build.0 = Debug|Any CPU
		{0EEE684F-D290-48AF-806D-C01C17CAFB92}.Release|Any CPU.ActiveCfg = Release|Any CPU
		{0EEE684F-D290-48AF-806D-C01C17CAFB92}.Release|Any CPU.Build.0 = Release|Any CPU
	EndGlobalSection
	GlobalSection(SolutionProperties) = preSolution
		HideSolutionNode = FALSE
	EndGlobalSection
	GlobalSection(ExtensibilityGlobals) = postSolution
		SolutionGuid = {642A8C12-8402-4862-BBDD-79E89DA1EC76}
	EndGlobalSection
EndGlobal
